
Microsoft Visual Studio Solution File, Format Version 12.00
# Visual Studio 2013
VisualStudioVersion = 12.0.30723.0
MinimumVisualStudioVersion = 10.0.40219.1
Project("{FAE04EC0-301F-11D3-BF4B-00C04F79EFBC}") = "GoStreamAudioGUI", "GoStreamAudioGUI\GoStreamAudioGUI.csproj", "{6628305D-0E29-44C8-9CB5-AECBBEEA339F}"
EndProject
Project("{FAE04EC0-301F-11D3-BF4B-00C04F79EFBC}") = "GoStreamAudioLib", "GoStreamAudioLib\GoStreamAudioLib.csproj", "{6BFEAC69-43C6-494E-9B5F-4844F2C10D06}"
EndProject
Project("{54435603-DBB4-11D2-8724-00A0C9A8B90C}") = "GoStreamAudioSetup", "GoStreamAudioSetup\GoStreamAudioSetup.vdproj", "{84F8F8D1-F202-4F4B-8C34-5DAFDF429B34}"
EndProject
Global
	GlobalSection(SolutionConfigurationPlatforms) = preSolution
		Debug|Any CPU = Debug|Any CPU
		Release|Any CPU = Release|Any CPU
	EndGlobalSection
	GlobalSection(ProjectConfigurationPlatforms) = postSolution
		{6628305D-0E29-44C8-9CB5-AECBBEEA339F}.Debug|Any CPU.ActiveCfg = Debug|Any CPU
		{6628305D-0E29-44C8-9CB5-AECBBEEA339F}.Debug|Any CPU.Build.0 = Debug|Any CPU
		{6628305D-0E29-44C8-9CB5-AECBBEEA339F}.Release|Any CPU.ActiveCfg = Release|Any CPU
		{6628305D-0E29-44C8-9CB5-AECBBEEA339F}.Release|Any CPU.Build.0 = Release|Any CPU
		{6BFEAC69-43C6-494E-9B5F-4844F2C10D06}.Debug|Any CPU.ActiveCfg = Debug|Any CPU
		{6BFEAC69-43C6-494E-9B5F-4844F2C10D06}.Debug|Any CPU.Build.0 = Debug|Any CPU
		{6BFEAC69-43C6-494E-9B5F-4844F2C10D06}.Release|Any CPU.ActiveCfg = Release|Any CPU
		{6BFEAC69-43C6-494E-9B5F-4844F2C10D06}.Release|Any CPU.Build.0 = Release|Any CPU
		{84F8F8D1-F202-4F4B-8C34-5DAFDF429B34}.Debug|Any CPU.ActiveCfg = Debug
		{84F8F8D1-F202-4F4B-8C34-5DAFDF429B34}.Release|Any CPU.ActiveCfg = Release
	EndGlobalSection
	GlobalSection(SolutionProperties) = preSolution
		HideSolutionNode = FALSE
	EndGlobalSection
EndGlobal
